// !$*UTF8*$!
{
	archiveVersion = 1;
	classes = {
	};
	objectVersion = 56;
	objects = {

/* Begin PBXBuildFile section */
		FAD888872B67D65400FCB834 /* AppDelegate.swift in Sources */ = {isa = PBXBuildFile; fileRef = FAD888862B67D65400FCB834 /* AppDelegate.swift */; };
		FAD888892B67D65400FCB834 /* SceneDelegate.swift in Sources */ = {isa = PBXBuildFile; fileRef = FAD888882B67D65400FCB834 /* SceneDelegate.swift */; };
		FAD8888B2B67D65400FCB834 /* TabBarController.swift in Sources */ = {isa = PBXBuildFile; fileRef = FAD8888A2B67D65400FCB834 /* TabBarController.swift */; };
		FAD888912B67D65400FCB834 /* MovieSearcher.xcdatamodeld in Sources */ = {isa = PBXBuildFile; fileRef = FAD8888F2B67D65400FCB834 /* MovieSearcher.xcdatamodeld */; };
		FAD888932B67D65500FCB834 /* Assets.xcassets in Resources */ = {isa = PBXBuildFile; fileRef = FAD888922B67D65500FCB834 /* Assets.xcassets */; };
		FAD888962B67D65500FCB834 /* LaunchScreen.storyboard in Resources */ = {isa = PBXBuildFile; fileRef = FAD888942B67D65500FCB834 /* LaunchScreen.storyboard */; };
		FAD8889F2B67E51900FCB834 /* ListVC.swift in Sources */ = {isa = PBXBuildFile; fileRef = FAD8889E2B67E51900FCB834 /* ListVC.swift */; };
		FAD888A12B67E5A000FCB834 /* FavoritesVC.swift in Sources */ = {isa = PBXBuildFile; fileRef = FAD888A02B67E5A000FCB834 /* FavoritesVC.swift */; };
		FAD888A52B67E7E800FCB834 /* MovieList.storyboard in Resources */ = {isa = PBXBuildFile; fileRef = FAD888A42B67E7E800FCB834 /* MovieList.storyboard */; };
		FAD888A82B67EB2000FCB834 /* MovieTableViewCell.swift in Sources */ = {isa = PBXBuildFile; fileRef = FAD888A72B67EB2000FCB834 /* MovieTableViewCell.swift */; };
		FAD888AB2B67FD9600FCB834 /* StackView + Extension.swift in Sources */ = {isa = PBXBuildFile; fileRef = FAD888AA2B67FD9600FCB834 /* StackView + Extension.swift */; };
		FAD888AD2B68265C00FCB834 /* DetailMovieVC.swift in Sources */ = {isa = PBXBuildFile; fileRef = FAD888AC2B68265C00FCB834 /* DetailMovieVC.swift */; };
		FAD888B12B68D71800FCB834 /* .gitignore in Resources */ = {isa = PBXBuildFile; fileRef = FAD888B02B68D71800FCB834 /* .gitignore */; };
		FAD888B32B68DA2A00FCB834 /* Movies.swift in Sources */ = {isa = PBXBuildFile; fileRef = FAD888B22B68DA2A00FCB834 /* Movies.swift */; };
		FAD888B62B68DBFF00FCB834 /* NetworkingService.swift in Sources */ = {isa = PBXBuildFile; fileRef = FAD888B52B68DBFF00FCB834 /* NetworkingService.swift */; };
		FAD888BA2B68EE2F00FCB834 /* MovieListViewModel.swift in Sources */ = {isa = PBXBuildFile; fileRef = FAD888B92B68EE2F00FCB834 /* MovieListViewModel.swift */; };
		FAD888BD2B68F69A00FCB834 /* Kingfisher in Frameworks */ = {isa = PBXBuildFile; productRef = FAD888BC2B68F69A00FCB834 /* Kingfisher */; };
/* End PBXBuildFile section */

/* Begin PBXFileReference section */
		FAD888832B67D65400FCB834 /* MovieSearcher.app */ = {isa = PBXFileReference; explicitFileType = wrapper.application; includeInIndex = 0; path = MovieSearcher.app; sourceTree = BUILT_PRODUCTS_DIR; };
		FAD888862B67D65400FCB834 /* AppDelegate.swift */ = {isa = PBXFileReference; lastKnownFileType = sourcecode.swift; path = AppDelegate.swift; sourceTree = "<group>"; };
		FAD888882B67D65400FCB834 /* SceneDelegate.swift */ = {isa = PBXFileReference; lastKnownFileType = sourcecode.swift; path = SceneDelegate.swift; sourceTree = "<group>"; };
		FAD8888A2B67D65400FCB834 /* TabBarController.swift */ = {isa = PBXFileReference; lastKnownFileType = sourcecode.swift; path = TabBarController.swift; sourceTree = "<group>"; };
		FAD888902B67D65400FCB834 /* MovieSearcher.xcdatamodel */ = {isa = PBXFileReference; lastKnownFileType = wrapper.xcdatamodel; path = MovieSearcher.xcdatamodel; sourceTree = "<group>"; };
		FAD888922B67D65500FCB834 /* Assets.xcassets */ = {isa = PBXFileReference; lastKnownFileType = folder.assetcatalog; path = Assets.xcassets; sourceTree = "<group>"; };
		FAD888952B67D65500FCB834 /* Base */ = {isa = PBXFileReference; lastKnownFileType = file.storyboard; name = Base; path = Base.lproj/LaunchScreen.storyboard; sourceTree = "<group>"; };
		FAD888972B67D65500FCB834 /* Info.plist */ = {isa = PBXFileReference; lastKnownFileType = text.plist.xml; path = Info.plist; sourceTree = "<group>"; };
		FAD8889E2B67E51900FCB834 /* ListVC.swift */ = {isa = PBXFileReference; lastKnownFileType = sourcecode.swift; path = ListVC.swift; sourceTree = "<group>"; };
		FAD888A02B67E5A000FCB834 /* FavoritesVC.swift */ = {isa = PBXFileReference; lastKnownFileType = sourcecode.swift; path = FavoritesVC.swift; sourceTree = "<group>"; };
		FAD888A42B67E7E800FCB834 /* MovieList.storyboard */ = {isa = PBXFileReference; lastKnownFileType = file.storyboard; path = MovieList.storyboard; sourceTree = "<group>"; };
		FAD888A72B67EB2000FCB834 /* MovieTableViewCell.swift */ = {isa = PBXFileReference; lastKnownFileType = sourcecode.swift; path = MovieTableViewCell.swift; sourceTree = "<group>"; };
		FAD888AA2B67FD9600FCB834 /* StackView + Extension.swift */ = {isa = PBXFileReference; lastKnownFileType = sourcecode.swift; path = "StackView + Extension.swift"; sourceTree = "<group>"; };
		FAD888AC2B68265C00FCB834 /* DetailMovieVC.swift */ = {isa = PBXFileReference; lastKnownFileType = sourcecode.swift; path = DetailMovieVC.swift; sourceTree = "<group>"; };
		FAD888B02B68D71800FCB834 /* .gitignore */ = {isa = PBXFileReference; lastKnownFileType = text; path = .gitignore; sourceTree = "<group>"; };
		FAD888B22B68DA2A00FCB834 /* Movies.swift */ = {isa = PBXFileReference; lastKnownFileType = sourcecode.swift; path = Movies.swift; sourceTree = "<group>"; };
		FAD888B52B68DBFF00FCB834 /* NetworkingService.swift */ = {isa = PBXFileReference; lastKnownFileType = sourcecode.swift; path = NetworkingService.swift; sourceTree = "<group>"; };
		FAD888B92B68EE2F00FCB834 /* MovieListViewModel.swift */ = {isa = PBXFileReference; lastKnownFileType = sourcecode.swift; path = MovieListViewModel.swift; sourceTree = "<group>"; };
/* End PBXFileReference section */

/* Begin PBXFrameworksBuildPhase section */
		FAD888802B67D65400FCB834 /* Frameworks */ = {
			isa = PBXFrameworksBuildPhase;
			buildActionMask = 2147483647;
			files = (
				FAD888BD2B68F69A00FCB834 /* Kingfisher in Frameworks */,
			);
			runOnlyForDeploymentPostprocessing = 0;
		};
/* End PBXFrameworksBuildPhase section */

/* Begin PBXGroup section */
		FAD8887A2B67D65400FCB834 = {
			isa = PBXGroup;
			children = (
				FAD888B02B68D71800FCB834 /* .gitignore */,
				FAD888852B67D65400FCB834 /* MovieSearcher */,
				FAD888842B67D65400FCB834 /* Products */,
			);
			sourceTree = "<group>";
		};
		FAD888842B67D65400FCB834 /* Products */ = {
			isa = PBXGroup;
			children = (
				FAD888832B67D65400FCB834 /* MovieSearcher.app */,
			);
			name = Products;
			sourceTree = "<group>";
		};
		FAD888852B67D65400FCB834 /* MovieSearcher */ = {
			isa = PBXGroup;
			children = (
				FAD8889D2B67E43E00FCB834 /* Application */,
				FAD888B42B68DA3800FCB834 /* Models */,
				FAD888B82B68EE0E00FCB834 /* ViewModels */,
				FAD888A32B67E78800FCB834 /* Views */,
				FAD888A22B67E68B00FCB834 /* Controllers */,
				FAD888A92B67FD8600FCB834 /* Extensions */,
				FAD888922B67D65500FCB834 /* Assets.xcassets */,
				FAD888942B67D65500FCB834 /* LaunchScreen.storyboard */,
				FAD888972B67D65500FCB834 /* Info.plist */,
				FAD8888F2B67D65400FCB834 /* MovieSearcher.xcdatamodeld */,
			);
			path = MovieSearcher;
			sourceTree = "<group>";
		};
		FAD8889D2B67E43E00FCB834 /* Application */ = {
			isa = PBXGroup;
			children = (
				FAD888862B67D65400FCB834 /* AppDelegate.swift */,
				FAD888882B67D65400FCB834 /* SceneDelegate.swift */,
			);
			path = Application;
			sourceTree = "<group>";
		};
		FAD888A22B67E68B00FCB834 /* Controllers */ = {
			isa = PBXGroup;
			children = (
				FAD8888A2B67D65400FCB834 /* TabBarController.swift */,
				FAD888A02B67E5A000FCB834 /* FavoritesVC.swift */,
				FAD888AC2B68265C00FCB834 /* DetailMovieVC.swift */,
				FAD8889E2B67E51900FCB834 /* ListVC.swift */,
			);
			path = Controllers;
			sourceTree = "<group>";
		};
		FAD888A32B67E78800FCB834 /* Views */ = {
			isa = PBXGroup;
			children = (
				FAD888A62B67EB0F00FCB834 /* Cells */,
				FAD888A42B67E7E800FCB834 /* MovieList.storyboard */,
			);
			path = Views;
			sourceTree = "<group>";
		};
		FAD888A62B67EB0F00FCB834 /* Cells */ = {
			isa = PBXGroup;
			children = (
				FAD888A72B67EB2000FCB834 /* MovieTableViewCell.swift */,
			);
			path = Cells;
			sourceTree = "<group>";
		};
		FAD888A92B67FD8600FCB834 /* Extensions */ = {
			isa = PBXGroup;
			children = (
				FAD888AA2B67FD9600FCB834 /* StackView + Extension.swift */,
			);
			path = Extensions;
			sourceTree = "<group>";
		};
		FAD888B42B68DA3800FCB834 /* Models */ = {
			isa = PBXGroup;
			children = (
				FAD888B72B68DC0700FCB834 /* Networking */,
				FAD888B22B68DA2A00FCB834 /* Movies.swift */,
			);
			path = Models;
			sourceTree = "<group>";
		};
		FAD888B72B68DC0700FCB834 /* Networking */ = {
			isa = PBXGroup;
			children = (
				FAD888B52B68DBFF00FCB834 /* NetworkingService.swift */,
			);
			path = Networking;
			sourceTree = "<group>";
		};
		FAD888B82B68EE0E00FCB834 /* ViewModels */ = {
			isa = PBXGroup;
			children = (
				FAD888B92B68EE2F00FCB834 /* MovieListViewModel.swift */,
			);
			path = ViewModels;
			sourceTree = "<group>";
		};
/* End PBXGroup section */

/* Begin PBXNativeTarget section */
		FAD888822B67D65400FCB834 /* MovieSearcher */ = {
			isa = PBXNativeTarget;
			buildConfigurationList = FAD8889A2B67D65500FCB834 /* Build configuration list for PBXNativeTarget "MovieSearcher" */;
			buildPhases = (
				FAD8887F2B67D65400FCB834 /* Sources */,
				FAD888802B67D65400FCB834 /* Frameworks */,
				FAD888812B67D65400FCB834 /* Resources */,
			);
			buildRules = (
			);
			dependencies = (
			);
			name = MovieSearcher;
			packageProductDependencies = (
				FAD888BC2B68F69A00FCB834 /* Kingfisher */,
			);
			productName = MovieSearcher;
			productReference = FAD888832B67D65400FCB834 /* MovieSearcher.app */;
			productType = "com.apple.product-type.application";
		};
/* End PBXNativeTarget section */

/* Begin PBXProject section */
		FAD8887B2B67D65400FCB834 /* Project object */ = {
			isa = PBXProject;
			attributes = {
				BuildIndependentTargetsInParallel = 1;
				LastSwiftUpdateCheck = 1500;
				LastUpgradeCheck = 1500;
				TargetAttributes = {
					FAD888822B67D65400FCB834 = {
						CreatedOnToolsVersion = 15.0;
					};
				};
			};
			buildConfigurationList = FAD8887E2B67D65400FCB834 /* Build configuration list for PBXProject "MovieSearcher" */;
			compatibilityVersion = "Xcode 14.0";
			developmentRegion = en;
			hasScannedForEncodings = 0;
			knownRegions = (
				en,
				Base,
			);
			mainGroup = FAD8887A2B67D65400FCB834;
			packageReferences = (
				FAD888BB2B68F69A00FCB834 /* XCRemoteSwiftPackageReference "Kingfisher" */,
			);
			productRefGroup = FAD888842B67D65400FCB834 /* Products */;
			projectDirPath = "";
			projectRoot = "";
			targets = (
				FAD888822B67D65400FCB834 /* MovieSearcher */,
			);
		};
/* End PBXProject section */

/* Begin PBXResourcesBuildPhase section */
		FAD888812B67D65400FCB834 /* Resources */ = {
			isa = PBXResourcesBuildPhase;
			buildActionMask = 2147483647;
			files = (
				FAD888B12B68D71800FCB834 /* .gitignore in Resources */,
				FAD888A52B67E7E800FCB834 /* MovieList.storyboard in Resources */,
				FAD888962B67D65500FCB834 /* LaunchScreen.storyboard in Resources */,
				FAD888932B67D65500FCB834 /* Assets.xcassets in Resources */,
			);
			runOnlyForDeploymentPostprocessing = 0;
		};
/* End PBXResourcesBuildPhase section */

/* Begin PBXSourcesBuildPhase section */
		FAD8887F2B67D65400FCB834 /* Sources */ = {
			isa = PBXSourcesBuildPhase;
			buildActionMask = 2147483647;
			files = (
				FAD888B62B68DBFF00FCB834 /* NetworkingService.swift in Sources */,
				FAD888B32B68DA2A00FCB834 /* Movies.swift in Sources */,
				FAD8888B2B67D65400FCB834 /* TabBarController.swift in Sources */,
				FAD8889F2B67E51900FCB834 /* ListVC.swift in Sources */,
				FAD888A82B67EB2000FCB834 /* MovieTableViewCell.swift in Sources */,
				FAD888AD2B68265C00FCB834 /* DetailMovieVC.swift in Sources */,
				FAD888A12B67E5A000FCB834 /* FavoritesVC.swift in Sources */,
				FAD888872B67D65400FCB834 /* AppDelegate.swift in Sources */,
				FAD888892B67D65400FCB834 /* SceneDelegate.swift in Sources */,
				FAD888912B67D65400FCB834 /* MovieSearcher.xcdatamodeld in Sources */,
				FAD888AB2B67FD9600FCB834 /* StackView + Extension.swift in Sources */,
				FAD888BA2B68EE2F00FCB834 /* MovieListViewModel.swift in Sources */,
			);
			runOnlyForDeploymentPostprocessing = 0;
		};
/* End PBXSourcesBuildPhase section */

/* Begin PBXVariantGroup section */
		FAD888942B67D65500FCB834 /* LaunchScreen.storyboard */ = {
			isa = PBXVariantGroup;
			children = (
				FAD888952B67D65500FCB834 /* Base */,
			);
			name = LaunchScreen.storyboard;
			sourceTree = "<group>";
		};
/* End PBXVariantGroup section */

/* Begin XCBuildConfiguration section */
		FAD888982B67D65500FCB834 /* Debug */ = {
			isa = XCBuildConfiguration;
			buildSettings = {
				ALWAYS_SEARCH_USER_PATHS = NO;
				ASSETCATALOG_COMPILER_GENERATE_SWIFT_ASSET_SYMBOL_EXTENSIONS = YES;
				CLANG_ANALYZER_NONNULL = YES;
				CLANG_ANALYZER_NUMBER_OBJECT_CONVERSION = YES_AGGRESSIVE;
				CLANG_CXX_LANGUAGE_STANDARD = "gnu++20";
				CLANG_ENABLE_MODULES = YES;
				CLANG_ENABLE_OBJC_ARC = YES;
				CLANG_ENABLE_OBJC_WEAK = YES;
				CLANG_WARN_BLOCK_CAPTURE_AUTORELEASING = YES;
				CLANG_WARN_BOOL_CONVERSION = YES;
				CLANG_WARN_COMMA = YES;
				CLANG_WARN_CONSTANT_CONVERSION = YES;
				CLANG_WARN_DEPRECATED_OBJC_IMPLEMENTATIONS = YES;
				CLANG_WARN_DIRECT_OBJC_ISA_USAGE = YES_ERROR;
				CLANG_WARN_DOCUMENTATION_COMMENTS = YES;
				CLANG_WARN_EMPTY_BODY = YES;
				CLANG_WARN_ENUM_CONVERSION = YES;
				CLANG_WARN_INFINITE_RECURSION = YES;
				CLANG_WARN_INT_CONVERSION = YES;
				CLANG_WARN_NON_LITERAL_NULL_CONVERSION = YES;
				CLANG_WARN_OBJC_IMPLICIT_RETAIN_SELF = YES;
				CLANG_WARN_OBJC_LITERAL_CONVERSION = YES;
				CLANG_WARN_OBJC_ROOT_CLASS = YES_ERROR;
				CLANG_WARN_QUOTED_INCLUDE_IN_FRAMEWORK_HEADER = YES;
				CLANG_WARN_RANGE_LOOP_ANALYSIS = YES;
				CLANG_WARN_STRICT_PROTOTYPES = YES;
				CLANG_WARN_SUSPICIOUS_MOVE = YES;
				CLANG_WARN_UNGUARDED_AVAILABILITY = YES_AGGRESSIVE;
				CLANG_WARN_UNREACHABLE_CODE = YES;
				CLANG_WARN__DUPLICATE_METHOD_MATCH = YES;
				COPY_PHASE_STRIP = NO;
				DEBUG_INFORMATION_FORMAT = dwarf;
				ENABLE_STRICT_OBJC_MSGSEND = YES;
				ENABLE_TESTABILITY = YES;
				ENABLE_USER_SCRIPT_SANDBOXING = YES;
				GCC_C_LANGUAGE_STANDARD = gnu17;
				GCC_DYNAMIC_NO_PIC = NO;
				GCC_NO_COMMON_BLOCKS = YES;
				GCC_OPTIMIZATION_LEVEL = 0;
				GCC_PREPROCESSOR_DEFINITIONS = (
					"DEBUG=1",
					"$(inherited)",
				);
				GCC_WARN_64_TO_32_BIT_CONVERSION = YES;
				GCC_WARN_ABOUT_RETURN_TYPE = YES_ERROR;
				GCC_WARN_UNDECLARED_SELECTOR = YES;
				GCC_WARN_UNINITIALIZED_AUTOS = YES_AGGRESSIVE;
				GCC_WARN_UNUSED_FUNCTION = YES;
				GCC_WARN_UNUSED_VARIABLE = YES;
				IPHONEOS_DEPLOYMENT_TARGET = 17.0;
				LOCALIZATION_PREFERS_STRING_CATALOGS = YES;
				MTL_ENABLE_DEBUG_INFO = INCLUDE_SOURCE;
				MTL_FAST_MATH = YES;
				ONLY_ACTIVE_ARCH = YES;
				SDKROOT = iphoneos;
				SWIFT_ACTIVE_COMPILATION_CONDITIONS = "DEBUG $(inherited)";
				SWIFT_OPTIMIZATION_LEVEL = "-Onone";
			};
			name = Debug;
		};
		FAD888992B67D65500FCB834 /* Release */ = {
			isa = XCBuildConfiguration;
			buildSettings = {
				ALWAYS_SEARCH_USER_PATHS = NO;
				ASSETCATALOG_COMPILER_GENERATE_SWIFT_ASSET_SYMBOL_EXTENSIONS = YES;
				CLANG_ANALYZER_NONNULL = YES;
				CLANG_ANALYZER_NUMBER_OBJECT_CONVERSION = YES_AGGRESSIVE;
				CLANG_CXX_LANGUAGE_STANDARD = "gnu++20";
				CLANG_ENABLE_MODULES = YES;
				CLANG_ENABLE_OBJC_ARC = YES;
				CLANG_ENABLE_OBJC_WEAK = YES;
				CLANG_WARN_BLOCK_CAPTURE_AUTORELEASING = YES;
				CLANG_WARN_BOOL_CONVERSION = YES;
				CLANG_WARN_COMMA = YES;
				CLANG_WARN_CONSTANT_CONVERSION = YES;
				CLANG_WARN_DEPRECATED_OBJC_IMPLEMENTATIONS = YES;
				CLANG_WARN_DIRECT_OBJC_ISA_USAGE = YES_ERROR;
				CLANG_WARN_DOCUMENTATION_COMMENTS = YES;
				CLANG_WARN_EMPTY_BODY = YES;
				CLANG_WARN_ENUM_CONVERSION = YES;
				CLANG_WARN_INFINITE_RECURSION = YES;
				CLANG_WARN_INT_CONVERSION = YES;
				CLANG_WARN_NON_LITERAL_NULL_CONVERSION = YES;
				CLANG_WARN_OBJC_IMPLICIT_RETAIN_SELF = YES;
				CLANG_WARN_OBJC_LITERAL_CONVERSION = YES;
				CLANG_WARN_OBJC_ROOT_CLASS = YES_ERROR;
				CLANG_WARN_QUOTED_INCLUDE_IN_FRAMEWORK_HEADER = YES;
				CLANG_WARN_RANGE_LOOP_ANALYSIS = YES;
				CLANG_WARN_STRICT_PROTOTYPES = YES;
				CLANG_WARN_SUSPICIOUS_MOVE = YES;
				CLANG_WARN_UNGUARDED_AVAILABILITY = YES_AGGRESSIVE;
				CLANG_WARN_UNREACHABLE_CODE = YES;
				CLANG_WARN__DUPLICATE_METHOD_MATCH = YES;
				COPY_PHASE_STRIP = NO;
				DEBUG_INFORMATION_FORMAT = "dwarf-with-dsym";
				ENABLE_NS_ASSERTIONS = NO;
				ENABLE_STRICT_OBJC_MSGSEND = YES;
				ENABLE_USER_SCRIPT_SANDBOXING = YES;
				GCC_C_LANGUAGE_STANDARD = gnu17;
				GCC_NO_COMMON_BLOCKS = YES;
				GCC_WARN_64_TO_32_BIT_CONVERSION = YES;
				GCC_WARN_ABOUT_RETURN_TYPE = YES_ERROR;
				GCC_WARN_UNDECLARED_SELECTOR = YES;
				GCC_WARN_UNINITIALIZED_AUTOS = YES_AGGRESSIVE;
				GCC_WARN_UNUSED_FUNCTION = YES;
				GCC_WARN_UNUSED_VARIABLE = YES;
				IPHONEOS_DEPLOYMENT_TARGET = 17.0;
				LOCALIZATION_PREFERS_STRING_CATALOGS = YES;
				MTL_ENABLE_DEBUG_INFO = NO;
				MTL_FAST_MATH = YES;
				SDKROOT = iphoneos;
				SWIFT_COMPILATION_MODE = wholemodule;
				VALIDATE_PRODUCT = YES;
			};
			name = Release;
		};
		FAD8889B2B67D65500FCB834 /* Debug */ = {
			isa = XCBuildConfiguration;
			buildSettings = {
				ASSETCATALOG_COMPILER_APPICON_NAME = AppIcon;
				ASSETCATALOG_COMPILER_GLOBAL_ACCENT_COLOR_NAME = AccentColor;
				CODE_SIGN_STYLE = Automatic;
				CURRENT_PROJECT_VERSION = 1;
				DEVELOPMENT_TEAM = 8G2CA7AB96;
				GENERATE_INFOPLIST_FILE = YES;
				INFOPLIST_FILE = MovieSearcher/Info.plist;
				INFOPLIST_KEY_UIApplicationSupportsIndirectInputEvents = YES;
				INFOPLIST_KEY_UILaunchStoryboardName = LaunchScreen;
				INFOPLIST_KEY_UISupportedInterfaceOrientations = UIInterfaceOrientationPortrait;
				INFOPLIST_KEY_UISupportedInterfaceOrientations_iPad = "UIInterfaceOrientationLandscapeLeft UIInterfaceOrientationLandscapeRight UIInterfaceOrientationPortrait UIInterfaceOrientationPortraitUpsideDown";
				IPHONEOS_DEPLOYMENT_TARGET = 16.0;
				LD_RUNPATH_SEARCH_PATHS = (
					"$(inherited)",
					"@executable_path/Frameworks",
				);
				MARKETING_VERSION = 1.0;
				PRODUCT_BUNDLE_IDENTIFIER = com.vladyslavnh.MovieSearcher;
				PRODUCT_NAME = "$(TARGET_NAME)";
				SUPPORTED_PLATFORMS = "iphoneos iphonesimulator";
				SUPPORTS_MACCATALYST = NO;
				SUPPORTS_MAC_DESIGNED_FOR_IPHONE_IPAD = NO;
				SWIFT_EMIT_LOC_STRINGS = YES;
				SWIFT_VERSION = 5.0;
				TARGETED_DEVICE_FAMILY = 1;
			};
			name = Debug;
		};
		FAD8889C2B67D65500FCB834 /* Release */ = {
			isa = XCBuildConfiguration;
			buildSettings = {
				ASSETCATALOG_COMPILER_APPICON_NAME = AppIcon;
				ASSETCATALOG_COMPILER_GLOBAL_ACCENT_COLOR_NAME = AccentColor;
				CODE_SIGN_STYLE = Automatic;
				CURRENT_PROJECT_VERSION = 1;
				DEVELOPMENT_TEAM = 8G2CA7AB96;
				GENERATE_INFOPLIST_FILE = YES;
				INFOPLIST_FILE = MovieSearcher/Info.plist;
				INFOPLIST_KEY_UIApplicationSupportsIndirectInputEvents = YES;
				INFOPLIST_KEY_UILaunchStoryboardName = LaunchScreen;
				INFOPLIST_KEY_UISupportedInterfaceOrientations = UIInterfaceOrientationPortrait;
				INFOPLIST_KEY_UISupportedInterfaceOrientations_iPad = "UIInterfaceOrientationLandscapeLeft UIInterfaceOrientationLandscapeRight UIInterfaceOrientationPortrait UIInterfaceOrientationPortraitUpsideDown";
				IPHONEOS_DEPLOYMENT_TARGET = 16.0;
				LD_RUNPATH_SEARCH_PATHS = (
					"$(inherited)",
					"@executable_path/Frameworks",
				);
				MARKETING_VERSION = 1.0;
				PRODUCT_BUNDLE_IDENTIFIER = com.vladyslavnh.MovieSearcher;
				PRODUCT_NAME = "$(TARGET_NAME)";
				SUPPORTED_PLATFORMS = "iphoneos iphonesimulator";
				SUPPORTS_MACCATALYST = NO;
				SUPPORTS_MAC_DESIGNED_FOR_IPHONE_IPAD = NO;
				SWIFT_EMIT_LOC_STRINGS = YES;
				SWIFT_VERSION = 5.0;
				TARGETED_DEVICE_FAMILY = 1;
			};
			name = Release;
		};
/* End XCBuildConfiguration section */

/* Begin XCConfigurationList section */
		FAD8887E2B67D65400FCB834 /* Build configuration list for PBXProject "MovieSearcher" */ = {
			isa = XCConfigurationList;
			buildConfigurations = (
				FAD888982B67D65500FCB834 /* Debug */,
				FAD888992B67D65500FCB834 /* Release */,
			);
			defaultConfigurationIsVisible = 0;
			defaultConfigurationName = Release;
		};
		FAD8889A2B67D65500FCB834 /* Build configuration list for PBXNativeTarget "MovieSearcher" */ = {
			isa = XCConfigurationList;
			buildConfigurations = (
				FAD8889B2B67D65500FCB834 /* Debug */,
				FAD8889C2B67D65500FCB834 /* Release */,
			);
			defaultConfigurationIsVisible = 0;
			defaultConfigurationName = Release;
		};
/* End XCConfigurationList section */

/* Begin XCRemoteSwiftPackageReference section */
		FAD888BB2B68F69A00FCB834 /* XCRemoteSwiftPackageReference "Kingfisher" */ = {
			isa = XCRemoteSwiftPackageReference;
			repositoryURL = "https://github.com/onevcat/Kingfisher";
			requirement = {
				kind = upToNextMajorVersion;
				minimumVersion = 7.10.2;
			};
		};
/* End XCRemoteSwiftPackageReference section */

/* Begin XCSwiftPackageProductDependency section */
		FAD888BC2B68F69A00FCB834 /* Kingfisher */ = {
			isa = XCSwiftPackageProductDependency;
			package = FAD888BB2B68F69A00FCB834 /* XCRemoteSwiftPackageReference "Kingfisher" */;
			productName = Kingfisher;
		};
/* End XCSwiftPackageProductDependency section */

/* Begin XCVersionGroup section */
		FAD8888F2B67D65400FCB834 /* MovieSearcher.xcdatamodeld */ = {
			isa = XCVersionGroup;
			children = (
				FAD888902B67D65400FCB834 /* MovieSearcher.xcdatamodel */,
			);
			currentVersion = FAD888902B67D65400FCB834 /* MovieSearcher.xcdatamodel */;
			path = MovieSearcher.xcdatamodeld;
			sourceTree = "<group>";
			versionGroupType = wrapper.xcdatamodel;
		};
/* End XCVersionGroup section */
	};
	rootObject = FAD8887B2B67D65400FCB834 /* Project object */;
}
